
Microsoft Visual Studio Solution File, Format Version 12.00
# Visual Studio 2013
VisualStudioVersion = 12.0.21005.1
MinimumVisualStudioVersion = 10.0.40219.1
Project("{8BC9CEB8-8B4A-11D0-8D11-00A0C91BC942}") = "tongxunlu_9_11.c", "tongxunlu_9_11.c\tongxunlu_9_11.c.vcxproj", "{0172E5AA-0342-40C2-A30E-9836E4A65266}"
EndProject
Global
	GlobalSection(SolutionConfigurationPlatforms) = preSolution
		Debug|Win32 = Debug|Win32
		Release|Win32 = Release|Win32
	EndGlobalSection
	GlobalSection(ProjectConfigurationPlatforms) = postSolution
		{0172E5AA-0342-40C2-A30E-9836E4A65266}.Debug|Win32.ActiveCfg = Debug|Win32
		{0172E5AA-0342-40C2-A30E-9836E4A65266}.Debug|Win32.Build.0 = Debug|Win32
		{0172E5AA-0342-40C2-A30E-9836E4A65266}.Release|Win32.ActiveCfg = Release|Win32
		{0172E5AA-0342-40C2-A30E-9836E4A65266}.Release|Win32.Build.0 = Release|Win32
	EndGlobalSection
	GlobalSection(SolutionProperties) = preSolution
		HideSolutionNode = FALSE
	EndGlobalSection
EndGlobal
